PODS:
  - boost (1.76.0)
  - DoubleConversion (1.1.6)
  - FBLazyVector (0.72.15)
  - FBReactNativeSpec (0.72.15):
    - RCT-Folly (= 2021.07.22.00)
    - RCTRequired (= 0.72.15)
    - RCTTypeSafety (= 0.72.15)
    - React-Core (= 0.72.15)
    - React-jsi (= 0.72.15)
    - ReactCommon/turbomodule/core (= 0.72.15)
  - fmt (6.2.1)
  - glog (0.3.5)
  - hermes-engine (0.72.15):
    - hermes-engine/Pre-built (= 0.72.15)
  - hermes-engine/Pre-built (0.72.15)
  - libevent (2.1.12)
  - libwebp (1.3.2):
    - libwebp/demux (= 1.3.2)
    - libwebp/mux (= 1.3.2)
    - libwebp/sharpyuv (= 1.3.2)
    - libwebp/webp (= 1.3.2)
  - libwebp/demux (1.3.2):
    - libwebp/webp
  - libwebp/mux (1.3.2):
    - libwebp/demux
  - libwebp/sharpyuv (1.3.2)
  - libwebp/webp (1.3.2):
    - libwebp/sharpyuv
  - MMKV (1.3.7):
    - MMKVCore (~> 1.3.7)
  - MMKVCore (1.3.7)
  - RCT-Folly (2021.07.22.00):
    - boost
    - DoubleConversion
    - fmt (~> 6.2.1)
    - glog
    - RCT-Folly/Default (= 2021.07.22.00)
  - RCT-Folly/Default (2021.07.22.00):
    - boost
    - DoubleConversion
    - fmt (~> 6.2.1)
    - glog
  - RCT-Folly/Futures (2021.07.22.00):
    - boost
    - DoubleConversion
    - fmt (~> 6.2.1)
    - glog
    - libevent
  - RCTRequired (0.72.15)
  - RCTTypeSafety (0.72.15):
    - FBLazyVector (= 0.72.15)
    - RCTRequired (= 0.72.15)
    - React-Core (= 0.72.15)
  - React (0.72.15):
    - React-Core (= 0.72.15)
    - React-Core/DevSupport (= 0.72.15)
    - React-Core/RCTWebSocket (= 0.72.15)
    - React-RCTActionSheet (= 0.72.15)
    - React-RCTAnimation (= 0.72.15)
    - React-RCTBlob (= 0.72.15)
    - React-RCTImage (= 0.72.15)
    - React-RCTLinking (= 0.72.15)
    - React-RCTNetwork (= 0.72.15)
    - React-RCTSettings (= 0.72.15)
    - React-RCTText (= 0.72.15)
    - React-RCTVibration (= 0.72.15)
  - React-callinvoker (0.72.15)
  - React-Codegen (0.72.15):
    - DoubleConversion
    - FBReactNativeSpec
    - glog
    - hermes-engine
    - RCT-Folly
    - RCTRequired
    - RCTTypeSafety
    - React-Core
    - React-jsi
    - React-jsiexecutor
    - React-NativeModulesApple
    - React-rncore
    - ReactCommon/turbomodule/bridging
    - ReactCommon/turbomodule/core
  - React-Core (0.72.15):
    - glog
    - hermes-engine
    - RCT-Folly (= 2021.07.22.00)
    - React-Core/Default (= 0.72.15)
    - React-cxxreact
    - React-hermes
    - React-jsi
    - React-jsiexecutor
    - React-perflogger
    - React-runtimeexecutor
    - React-utils
    - SocketRocket (= 0.6.1)
    - Yoga
  - React-Core/CoreModulesHeaders (0.72.15):
    - glog
    - hermes-engine
    - RCT-Folly (= 2021.07.22.00)
    - React-Core/Default
    - React-cxxreact
    - React-hermes
    - React-jsi
    - React-jsiexecutor
    - React-perflogger
    - React-runtimeexecutor
    - React-utils
    - SocketRocket (= 0.6.1)
    - Yoga
  - React-Core/Default (0.72.15):
    - glog
    - hermes-engine
    - RCT-Folly (= 2021.07.22.00)
    - React-cxxreact
    - React-hermes
    - React-jsi
    - React-jsiexecutor
    - React-perflogger
    - React-runtimeexecutor
    - React-utils
    - SocketRocket (= 0.6.1)
    - Yoga
  - React-Core/DevSupport (0.72.15):
    - glog
    - hermes-engine
    - RCT-Folly (= 2021.07.22.00)
    - React-Core/Default (= 0.72.15)
    - React-Core/RCTWebSocket (= 0.72.15)
    - React-cxxreact
    - React-hermes
    - React-jsi
    - React-jsiexecutor
    - React-jsinspector (= 0.72.15)
    - React-perflogger
    - React-runtimeexecutor
    - React-utils
    - SocketRocket (= 0.6.1)
    - Yoga
  - React-Core/RCTActionSheetHeaders (0.72.15):
    - glog
    - hermes-engine
    - RCT-Folly (= 2021.07.22.00)
    - React-Core/Default
    - React-cxxreact
    - React-hermes
    - React-jsi
    - React-jsiexecutor
    - React-perflogger
    - React-runtimeexecutor
    - React-utils
    - SocketRocket (= 0.6.1)
    - Yoga
  - React-Core/RCTAnimationHeaders (0.72.15):
    - glog
    - hermes-engine
    - RCT-Folly (= 2021.07.22.00)
    - React-Core/Default
    - React-cxxreact
    - React-hermes
    - React-jsi
    - React-jsiexecutor
    - React-perflogger
    - React-runtimeexecutor
    - React-utils
    - SocketRocket (= 0.6.1)
    - Yoga
  - React-Core/RCTBlobHeaders (0.72.15):
    - glog
    - hermes-engine
    - RCT-Folly (= 2021.07.22.00)
    - React-Core/Default
    - React-cxxreact
    - React-hermes
    - React-jsi
    - React-jsiexecutor
    - React-perflogger
    - React-runtimeexecutor
    - React-utils
    - SocketRocket (= 0.6.1)
    - Yoga
  - React-Core/RCTImageHeaders (0.72.15):
    - glog
    - hermes-engine
    - RCT-Folly (= 2021.07.22.00)
    - React-Core/Default
    - React-cxxreact
    - React-hermes
    - React-jsi
    - React-jsiexecutor
    - React-perflogger
    - React-runtimeexecutor
    - React-utils
    - SocketRocket (= 0.6.1)
    - Yoga
  - React-Core/RCTLinkingHeaders (0.72.15):
    - glog
    - hermes-engine
    - RCT-Folly (= 2021.07.22.00)
    - React-Core/Default
    - React-cxxreact
    - React-hermes
    - React-jsi
    - React-jsiexecutor
    - React-perflogger
    - React-runtimeexecutor
    - React-utils
    - SocketRocket (= 0.6.1)
    - Yoga
  - React-Core/RCTNetworkHeaders (0.72.15):
    - glog
    - hermes-engine
    - RCT-Folly (= 2021.07.22.00)
    - React-Core/Default
    - React-cxxreact
    - React-hermes
    - React-jsi
    - React-jsiexecutor
    - React-perflogger
    - React-runtimeexecutor
    - React-utils
    - SocketRocket (= 0.6.1)
    - Yoga
  - React-Core/RCTSettingsHeaders (0.72.15):
    - glog
    - hermes-engine
    - RCT-Folly (= 2021.07.22.00)
    - React-Core/Default
    - React-cxxreact
    - React-hermes
    - React-jsi
    - React-jsiexecutor
    - React-perflogger
    - React-runtimeexecutor
    - React-utils
    - SocketRocket (= 0.6.1)
    - Yoga
  - React-Core/RCTTextHeaders (0.72.15):
    - glog
    - hermes-engine
    - RCT-Folly (= 2021.07.22.00)
    - React-Core/Default
    - React-cxxreact
    - React-hermes
    - React-jsi
    - React-jsiexecutor
    - React-perflogger
    - React-runtimeexecutor
    - React-utils
    - SocketRocket (= 0.6.1)
    - Yoga
  - React-Core/RCTVibrationHeaders (0.72.15):
    - glog
    - hermes-engine
    - RCT-Folly (= 2021.07.22.00)
    - React-Core/Default
    - React-cxxreact
    - React-hermes
    - React-jsi
    - React-jsiexecutor
    - React-perflogger
    - React-runtimeexecutor
    - React-utils
    - SocketRocket (= 0.6.1)
    - Yoga
  - React-Core/RCTWebSocket (0.72.15):
    - glog
    - hermes-engine
    - RCT-Folly (= 2021.07.22.00)
    - React-Core/Default (= 0.72.15)
    - React-cxxreact
    - React-hermes
    - React-jsi
    - React-jsiexecutor
    - React-perflogger
    - React-runtimeexecutor
    - React-utils
    - SocketRocket (= 0.6.1)
    - Yoga
  - React-CoreModules (0.72.15):
    - RCT-Folly (= 2021.07.22.00)
    - RCTTypeSafety (= 0.72.15)
    - React-Codegen (= 0.72.15)
    - React-Core/CoreModulesHeaders (= 0.72.15)
    - React-jsi (= 0.72.15)
    - React-RCTBlob
    - React-RCTImage (= 0.72.15)
    - ReactCommon/turbomodule/core (= 0.72.15)
    - SocketRocket (= 0.6.1)
  - React-cxxreact (0.72.15):
    - boost (= 1.76.0)
    - DoubleConversion
    - glog
    - hermes-engine
    - RCT-Folly (= 2021.07.22.00)
    - React-callinvoker (= 0.72.15)
    - React-debug (= 0.72.15)
    - React-jsi (= 0.72.15)
    - React-jsinspector (= 0.72.15)
    - React-logger (= 0.72.15)
    - React-perflogger (= 0.72.15)
    - React-runtimeexecutor (= 0.72.15)
  - React-debug (0.72.15)
  - React-hermes (0.72.15):
    - DoubleConversion
    - glog
    - hermes-engine
    - RCT-Folly (= 2021.07.22.00)
    - RCT-Folly/Futures (= 2021.07.22.00)
    - React-cxxreact (= 0.72.15)
    - React-jsi
    - React-jsiexecutor (= 0.72.15)
    - React-jsinspector (= 0.72.15)
    - React-perflogger (= 0.72.15)
  - React-jsi (0.72.15):
    - boost (= 1.76.0)
    - DoubleConversion
    - glog
    - hermes-engine
    - RCT-Folly (= 2021.07.22.00)
  - React-jsiexecutor (0.72.15):
    - DoubleConversion
    - glog
    - hermes-engine
    - RCT-Folly (= 2021.07.22.00)
    - React-cxxreact (= 0.72.15)
    - React-jsi (= 0.72.15)
    - React-perflogger (= 0.72.15)
  - React-jsinspector (0.72.15)
  - React-logger (0.72.15):
    - glog
  - react-native-camera (3.30.0):
    - React
    - react-native-camera/RCT (= 3.30.0)
    - react-native-camera/RN (= 3.30.0)
  - react-native-camera/RCT (3.30.0):
    - React
  - react-native-camera/RN (3.30.0):
    - React
  - react-native-config (1.5.1):
    - react-native-config/App (= 1.5.1)
  - react-native-config/App (1.5.1):
    - React-Core
  - react-native-get-random-values (1.11.0):
    - React-Core
  - react-native-in-app-review (4.2.1):
    - React-Core
  - react-native-mmkv (2.6.3):
    - MMKV (>= 1.2.13)
    - React-Core
  - react-native-netinfo (6.0.0):
    - React-Core
  - react-native-safe-area-context (3.2.0):
    - React-Core
  - react-native-webview (13.8.6):
    - RCT-Folly (= 2021.07.22.00)
    - React-Core
  - React-NativeModulesApple (0.72.15):
    - hermes-engine
    - React-callinvoker
    - React-Core
    - React-cxxreact
    - React-jsi
    - React-runtimeexecutor
    - ReactCommon/turbomodule/bridging
    - ReactCommon/turbomodule/core
  - React-perflogger (0.72.15)
  - React-RCTActionSheet (0.72.15):
    - React-Core/RCTActionSheetHeaders (= 0.72.15)
  - React-RCTAnimation (0.72.15):
    - RCT-Folly (= 2021.07.22.00)
    - RCTTypeSafety (= 0.72.15)
    - React-Codegen (= 0.72.15)
    - React-Core/RCTAnimationHeaders (= 0.72.15)
    - React-jsi (= 0.72.15)
    - ReactCommon/turbomodule/core (= 0.72.15)
  - React-RCTAppDelegate (0.72.15):
    - RCT-Folly
    - RCTRequired
    - RCTTypeSafety
    - React-Core
    - React-CoreModules
    - React-hermes
    - React-NativeModulesApple
    - React-RCTImage
    - React-RCTNetwork
    - React-runtimescheduler
    - ReactCommon/turbomodule/core
  - React-RCTBlob (0.72.15):
    - hermes-engine
    - RCT-Folly (= 2021.07.22.00)
    - React-Codegen (= 0.72.15)
    - React-Core/RCTBlobHeaders (= 0.72.15)
    - React-Core/RCTWebSocket (= 0.72.15)
    - React-jsi (= 0.72.15)
    - React-RCTNetwork (= 0.72.15)
    - ReactCommon/turbomodule/core (= 0.72.15)
  - React-RCTImage (0.72.15):
    - RCT-Folly (= 2021.07.22.00)
    - RCTTypeSafety (= 0.72.15)
    - React-Codegen (= 0.72.15)
    - React-Core/RCTImageHeaders (= 0.72.15)
    - React-jsi (= 0.72.15)
    - React-RCTNetwork (= 0.72.15)
    - ReactCommon/turbomodule/core (= 0.72.15)
  - React-RCTLinking (0.72.15):
    - React-Codegen (= 0.72.15)
    - React-Core/RCTLinkingHeaders (= 0.72.15)
    - React-jsi (= 0.72.15)
    - ReactCommon/turbomodule/core (= 0.72.15)
  - React-RCTNetwork (0.72.15):
    - RCT-Folly (= 2021.07.22.00)
    - RCTTypeSafety (= 0.72.15)
    - React-Codegen (= 0.72.15)
    - React-Core/RCTNetworkHeaders (= 0.72.15)
    - React-jsi (= 0.72.15)
    - ReactCommon/turbomodule/core (= 0.72.15)
  - React-RCTSettings (0.72.15):
    - RCT-Folly (= 2021.07.22.00)
    - RCTTypeSafety (= 0.72.15)
    - React-Codegen (= 0.72.15)
    - React-Core/RCTSettingsHeaders (= 0.72.15)
    - React-jsi (= 0.72.15)
    - ReactCommon/turbomodule/core (= 0.72.15)
  - React-RCTText (0.72.15):
    - React-Core/RCTTextHeaders (= 0.72.15)
  - React-RCTVibration (0.72.15):
    - RCT-Folly (= 2021.07.22.00)
    - React-Codegen (= 0.72.15)
    - React-Core/RCTVibrationHeaders (= 0.72.15)
    - React-jsi (= 0.72.15)
    - ReactCommon/turbomodule/core (= 0.72.15)
  - React-rncore (0.72.15)
  - React-runtimeexecutor (0.72.15):
    - React-jsi (= 0.72.15)
  - React-runtimescheduler (0.72.15):
    - glog
    - hermes-engine
    - RCT-Folly (= 2021.07.22.00)
    - React-callinvoker
    - React-debug
    - React-jsi
    - React-runtimeexecutor
  - React-utils (0.72.15):
    - glog
    - RCT-Folly (= 2021.07.22.00)
    - React-debug
  - ReactCommon/turbomodule/bridging (0.72.15):
    - DoubleConversion
    - glog
    - hermes-engine
    - RCT-Folly (= 2021.07.22.00)
    - React-callinvoker (= 0.72.15)
    - React-cxxreact (= 0.72.15)
    - React-jsi (= 0.72.15)
    - React-logger (= 0.72.15)
    - React-perflogger (= 0.72.15)
  - ReactCommon/turbomodule/core (0.72.15):
    - DoubleConversion
    - glog
    - hermes-engine
    - RCT-Folly (= 2021.07.22.00)
    - React-callinvoker (= 0.72.15)
    - React-cxxreact (= 0.72.15)
    - React-jsi (= 0.72.15)
    - React-logger (= 0.72.15)
    - React-perflogger (= 0.72.15)
  - RNBootSplash (4.5.3):
    - React-Core
  - RNCCheckbox (0.5.8):
    - React-Core
  - RNCMaskedView (0.1.11):
    - React
  - RNCPushNotificationIOS (1.10.0):
    - React-Core
  - RNDateTimePicker (6.1.3):
    - React-Core
  - RNDeviceInfo (8.4.8):
    - React-Core
  - RNFastImage (8.6.3):
    - React-Core
    - SDWebImage (~> 5.11.1)
    - SDWebImageWebPCoder (~> 0.8.4)
  - RNFlashList (1.4.3):
    - React-Core
  - RNGestureHandler (2.14.0):
    - RCT-Folly (= 2021.07.22.00)
    - React-Core
  - RNLocalize (2.2.4):
    - React-Core
  - RNPermissions (3.8.4):
    - React-Core
  - RNReanimated (3.5.4):
    - DoubleConversion
    - FBLazyVector
    - glog
    - hermes-engine
    - RCT-Folly
    - RCTRequired
    - RCTTypeSafety
    - React-callinvoker
    - React-Core
    - React-Core/DevSupport
    - React-Core/RCTWebSocket
    - React-CoreModules
    - React-cxxreact
    - React-hermes
    - React-jsi
    - React-jsiexecutor
    - React-jsinspector
    - React-RCTActionSheet
    - React-RCTAnimation
    - React-RCTAppDelegate
    - React-RCTBlob
    - React-RCTImage
    - React-RCTLinking
    - React-RCTNetwork
    - React-RCTSettings
    - React-RCTText
    - ReactCommon/turbomodule/core
    - Yoga
  - RNScreens (3.27.0):
    - RCT-Folly (= 2021.07.22.00)
    - React-Core
  - RNSentry (5.1.1):
    - React-Core
    - Sentry/HybridSDK (= 8.3.0)
  - RNSVG (11.0.1):
    - React
  - SDWebImage (5.11.1):
    - SDWebImage/Core (= 5.11.1)
  - SDWebImage/Core (5.11.1)
  - SDWebImageWebPCoder (0.8.5):
    - libwebp (~> 1.0)
    - SDWebImage/Core (~> 5.10)
  - Sentry/HybridSDK (8.3.0):
    - SentryPrivate (= 8.3.0)
  - SentryPrivate (8.3.0)
  - SocketRocket (0.6.1)
  - Yoga (1.14.0)

DEPENDENCIES:
  - boost (from `../node_modules/react-native/third-party-podspecs/boost.podspec`)
  - DoubleConversion (from `../node_modules/react-native/third-party-podspecs/DoubleConversion.podspec`)
  - FBLazyVector (from `../node_modules/react-native/Libraries/FBLazyVector`)
  - FBReactNativeSpec (from `../node_modules/react-native/React/FBReactNativeSpec`)
  - glog (from `../node_modules/react-native/third-party-podspecs/glog.podspec`)
  - hermes-engine (from `../node_modules/react-native/sdks/hermes-engine/hermes-engine.podspec`)
  - libevent (~> 2.1.12)
  - RCT-Folly (from `../node_modules/react-native/third-party-podspecs/RCT-Folly.podspec`)
  - RCTRequired (from `../node_modules/react-native/Libraries/RCTRequired`)
  - RCTTypeSafety (from `../node_modules/react-native/Libraries/TypeSafety`)
  - React (from `../node_modules/react-native/`)
  - React-callinvoker (from `../node_modules/react-native/ReactCommon/callinvoker`)
  - React-Codegen (from `build/generated/ios`)
  - React-Core (from `../node_modules/react-native/`)
  - React-Core/RCTWebSocket (from `../node_modules/react-native/`)
  - React-CoreModules (from `../node_modules/react-native/React/CoreModules`)
  - React-cxxreact (from `../node_modules/react-native/ReactCommon/cxxreact`)
  - React-debug (from `../node_modules/react-native/ReactCommon/react/debug`)
  - React-hermes (from `../node_modules/react-native/ReactCommon/hermes`)
  - React-jsi (from `../node_modules/react-native/ReactCommon/jsi`)
  - React-jsiexecutor (from `../node_modules/react-native/ReactCommon/jsiexecutor`)
  - React-jsinspector (from `../node_modules/react-native/ReactCommon/jsinspector`)
  - React-logger (from `../node_modules/react-native/ReactCommon/logger`)
  - react-native-camera (from `../node_modules/react-native-camera`)
  - react-native-config (from `../node_modules/react-native-config`)
  - react-native-get-random-values (from `../node_modules/react-native-get-random-values`)
  - react-native-in-app-review (from `../node_modules/react-native-in-app-review`)
  - react-native-mmkv (from `../node_modules/react-native-mmkv`)
  - "react-native-netinfo (from `../node_modules/@react-native-community/netinfo`)"
  - react-native-safe-area-context (from `../node_modules/react-native-safe-area-context`)
  - react-native-webview (from `../node_modules/react-native-webview`)
  - React-NativeModulesApple (from `../node_modules/react-native/ReactCommon/react/nativemodule/core/platform/ios`)
  - React-perflogger (from `../node_modules/react-native/ReactCommon/reactperflogger`)
  - React-RCTActionSheet (from `../node_modules/react-native/Libraries/ActionSheetIOS`)
  - React-RCTAnimation (from `../node_modules/react-native/Libraries/NativeAnimation`)
  - React-RCTAppDelegate (from `../node_modules/react-native/Libraries/AppDelegate`)
  - React-RCTBlob (from `../node_modules/react-native/Libraries/Blob`)
  - React-RCTImage (from `../node_modules/react-native/Libraries/Image`)
  - React-RCTLinking (from `../node_modules/react-native/Libraries/LinkingIOS`)
  - React-RCTNetwork (from `../node_modules/react-native/Libraries/Network`)
  - React-RCTSettings (from `../node_modules/react-native/Libraries/Settings`)
  - React-RCTText (from `../node_modules/react-native/Libraries/Text`)
  - React-RCTVibration (from `../node_modules/react-native/Libraries/Vibration`)
  - React-rncore (from `../node_modules/react-native/ReactCommon`)
  - React-runtimeexecutor (from `../node_modules/react-native/ReactCommon/runtimeexecutor`)
  - React-runtimescheduler (from `../node_modules/react-native/ReactCommon/react/renderer/runtimescheduler`)
  - React-utils (from `../node_modules/react-native/ReactCommon/react/utils`)
  - ReactCommon/turbomodule/core (from `../node_modules/react-native/ReactCommon`)
  - RNBootSplash (from `../node_modules/react-native-bootsplash`)
  - "RNCCheckbox (from `../node_modules/@react-native-community/checkbox`)"
  - "RNCMaskedView (from `../node_modules/@react-native-community/masked-view`)"
  - "RNCPushNotificationIOS (from `../node_modules/@react-native-community/push-notification-ios`)"
  - "RNDateTimePicker (from `../node_modules/@react-native-community/datetimepicker`)"
  - RNDeviceInfo (from `../node_modules/react-native-device-info`)
  - RNFastImage (from `../node_modules/react-native-fast-image`)
  - "RNFlashList (from `../node_modules/@shopify/flash-list`)"
  - RNGestureHandler (from `../node_modules/react-native-gesture-handler`)
  - RNLocalize (from `../node_modules/react-native-localize`)
  - RNPermissions (from `../node_modules/react-native-permissions`)
  - RNReanimated (from `../node_modules/react-native-reanimated`)
  - RNScreens (from `../node_modules/react-native-screens`)
  - "RNSentry (from `../node_modules/@sentry/react-native`)"
  - RNSVG (from `../node_modules/react-native-svg`)
  - Yoga (from `../node_modules/react-native/ReactCommon/yoga`)

SPEC REPOS:
  trunk:
    - fmt
    - libevent
    - libwebp
    - MMKV
    - MMKVCore
    - SDWebImage
    - SDWebImageWebPCoder
    - Sentry
    - SentryPrivate
    - SocketRocket

EXTERNAL SOURCES:
  boost:
    :podspec: "../node_modules/react-native/third-party-podspecs/boost.podspec"
  DoubleConversion:
    :podspec: "../node_modules/react-native/third-party-podspecs/DoubleConversion.podspec"
  FBLazyVector:
    :path: "../node_modules/react-native/Libraries/FBLazyVector"
  FBReactNativeSpec:
    :path: "../node_modules/react-native/React/FBReactNativeSpec"
  glog:
    :podspec: "../node_modules/react-native/third-party-podspecs/glog.podspec"
  hermes-engine:
    :podspec: "../node_modules/react-native/sdks/hermes-engine/hermes-engine.podspec"
  RCT-Folly:
    :podspec: "../node_modules/react-native/third-party-podspecs/RCT-Folly.podspec"
  RCTRequired:
    :path: "../node_modules/react-native/Libraries/RCTRequired"
  RCTTypeSafety:
    :path: "../node_modules/react-native/Libraries/TypeSafety"
  React:
    :path: "../node_modules/react-native/"
  React-callinvoker:
    :path: "../node_modules/react-native/ReactCommon/callinvoker"
  React-Codegen:
    :path: build/generated/ios
  React-Core:
    :path: "../node_modules/react-native/"
  React-CoreModules:
    :path: "../node_modules/react-native/React/CoreModules"
  React-cxxreact:
    :path: "../node_modules/react-native/ReactCommon/cxxreact"
  React-debug:
    :path: "../node_modules/react-native/ReactCommon/react/debug"
  React-hermes:
    :path: "../node_modules/react-native/ReactCommon/hermes"
  React-jsi:
    :path: "../node_modules/react-native/ReactCommon/jsi"
  React-jsiexecutor:
    :path: "../node_modules/react-native/ReactCommon/jsiexecutor"
  React-jsinspector:
    :path: "../node_modules/react-native/ReactCommon/jsinspector"
  React-logger:
    :path: "../node_modules/react-native/ReactCommon/logger"
  react-native-camera:
    :path: "../node_modules/react-native-camera"
  react-native-config:
    :path: "../node_modules/react-native-config"
  react-native-get-random-values:
    :path: "../node_modules/react-native-get-random-values"
  react-native-in-app-review:
    :path: "../node_modules/react-native-in-app-review"
  react-native-mmkv:
    :path: "../node_modules/react-native-mmkv"
  react-native-netinfo:
    :path: "../node_modules/@react-native-community/netinfo"
  react-native-safe-area-context:
    :path: "../node_modules/react-native-safe-area-context"
  react-native-webview:
    :path: "../node_modules/react-native-webview"
  React-NativeModulesApple:
    :path: "../node_modules/react-native/ReactCommon/react/nativemodule/core/platform/ios"
  React-perflogger:
    :path: "../node_modules/react-native/ReactCommon/reactperflogger"
  React-RCTActionSheet:
    :path: "../node_modules/react-native/Libraries/ActionSheetIOS"
  React-RCTAnimation:
    :path: "../node_modules/react-native/Libraries/NativeAnimation"
  React-RCTAppDelegate:
    :path: "../node_modules/react-native/Libraries/AppDelegate"
  React-RCTBlob:
    :path: "../node_modules/react-native/Libraries/Blob"
  React-RCTImage:
    :path: "../node_modules/react-native/Libraries/Image"
  React-RCTLinking:
    :path: "../node_modules/react-native/Libraries/LinkingIOS"
  React-RCTNetwork:
    :path: "../node_modules/react-native/Libraries/Network"
  React-RCTSettings:
    :path: "../node_modules/react-native/Libraries/Settings"
  React-RCTText:
    :path: "../node_modules/react-native/Libraries/Text"
  React-RCTVibration:
    :path: "../node_modules/react-native/Libraries/Vibration"
  React-rncore:
    :path: "../node_modules/react-native/ReactCommon"
  React-runtimeexecutor:
    :path: "../node_modules/react-native/ReactCommon/runtimeexecutor"
  React-runtimescheduler:
    :path: "../node_modules/react-native/ReactCommon/react/renderer/runtimescheduler"
  React-utils:
    :path: "../node_modules/react-native/ReactCommon/react/utils"
  ReactCommon:
    :path: "../node_modules/react-native/ReactCommon"
  RNBootSplash:
    :path: "../node_modules/react-native-bootsplash"
  RNCCheckbox:
    :path: "../node_modules/@react-native-community/checkbox"
  RNCMaskedView:
    :path: "../node_modules/@react-native-community/masked-view"
  RNCPushNotificationIOS:
    :path: "../node_modules/@react-native-community/push-notification-ios"
  RNDateTimePicker:
    :path: "../node_modules/@react-native-community/datetimepicker"
  RNDeviceInfo:
    :path: "../node_modules/react-native-device-info"
  RNFastImage:
    :path: "../node_modules/react-native-fast-image"
  RNFlashList:
    :path: "../node_modules/@shopify/flash-list"
  RNGestureHandler:
    :path: "../node_modules/react-native-gesture-handler"
  RNLocalize:
    :path: "../node_modules/react-native-localize"
  RNPermissions:
    :path: "../node_modules/react-native-permissions"
  RNReanimated:
    :path: "../node_modules/react-native-reanimated"
  RNScreens:
    :path: "../node_modules/react-native-screens"
  RNSentry:
    :path: "../node_modules/@sentry/react-native"
  RNSVG:
    :path: "../node_modules/react-native-svg"
  Yoga:
    :path: "../node_modules/react-native/ReactCommon/yoga"

SPEC CHECKSUMS:
  boost: 7dcd2de282d72e344012f7d6564d024930a6a440
  DoubleConversion: 5189b271737e1565bdce30deb4a08d647e3f5f54
  FBLazyVector: 25cbffbaec517695d376ab4bc428948cd0f08088
  FBReactNativeSpec: e03b22fbf7017a6f76641ea4472e73c915dcdda7
  fmt: ff9d55029c625d3757ed641535fd4a75fedc7ce9
  glog: 04b94705f318337d7ead9e6d17c019bd9b1f6b1b
  hermes-engine: 5b340c6a5affbf3aba22185be41563bbb2426654
  libevent: 4049cae6c81cdb3654a443be001fb9bdceff7913
  libwebp: 1786c9f4ff8a279e4dac1e8f385004d5fc253009
  MMKV: 36a22a9ec84c9bb960613a089ddf6f48be9312b0
  MMKVCore: 158e61c8516401a9fac730288acb29e6fc19bbf9
  RCT-Folly: 424b8c9a7a0b9ab2886ffe9c3b041ef628fd4fb1
  RCTRequired: fb207f74935626041e7308c9e88dcdda680f1073
  RCTTypeSafety: 146fd11361680250b7580dd1f7f601995cfad1b1
  React: f3712351445cc96ba507425675a0cd8d31321d0c
  React-callinvoker: dcc51a66e02d20a70aeca2abbb1388d4d3011bf8
  React-Codegen: d64399cfcc319735a4f61c2f7df64fdfee9f7307
  React-Core: f8ceb3440b6cf30ce4eea884ed77990b7f9bec13
  React-CoreModules: 9d1e6f44bf658431a3b99561c8058b54b5959190
  React-cxxreact: 2150e05cdd30c815c1bf27f41062cd33832ffe31
  React-debug: 4e90d08c78aa207c064a3860e1540ff252695585
  React-hermes: 1ed296db543b7fdb01916a8e56255fcea0758264
  React-jsi: af5a8eaca28d67822fb14c648486d40737d2d2ab
  React-jsiexecutor: d3eef5ddc78eeb9f0d02bed657a7f41d4910b966
  React-jsinspector: b86a8abae760c28d69366bbc1d991561e51341ed
  React-logger: ed7c9e01e58529065e7da6bf8318baf15024283e
  react-native-camera: eeb5b5f4ba4c1365fed3563af8a72007cbad7aab
  react-native-config: 86038147314e2e6d10ea9972022aa171e6b1d4d8
  react-native-get-random-values: 21325b2244dfa6b58878f51f9aa42821e7ba3d06
  react-native-in-app-review: a073f67c5f3392af6ea7fb383217cdb1aa2aa726
  react-native-mmkv: 2e5bf67513cc8deed86fcffe87e12b8cc250dfab
  react-native-netinfo: e849fc21ca2f4128a5726c801a82fc6f4a6db50d
  react-native-safe-area-context: f0906bf8bc9835ac9a9d3f97e8bde2a997d8da79
  react-native-webview: 2ce07db2190ee7b3af77e8fac75ff47abe47089f
  React-NativeModulesApple: ee36a33f5ad8d80487c43e6b4370ea2eaaa81750
  React-perflogger: 6acc671f527e69c0cd93b8e62821d33d3ddf25ca
  React-RCTActionSheet: 569bb9db46d85565d14697e15ecf2166e035eb07
  React-RCTAnimation: 0eea98143c2938a8751a33722623d3e8a38fe1e4
  React-RCTAppDelegate: b4511be9c9c947ef53c9a26c996139cd903bfdc9
  React-RCTBlob: e6fd9d6b975faf765fdc29a959e8e79eb0bb65a0
  React-RCTImage: 0220975422a367e784dfd794adfc6454fab23c1f
  React-RCTLinking: 1abf9834017e080ecbd5b6a28b4fb15eb843a3dd
  React-RCTNetwork: 5ed275bf87d97a7ba5218cf245b1f103e96f82cd
  React-RCTSettings: 1d070387f01b3b01543fb2a4ef867ad0004f6a78
  React-RCTText: 82562208357b11285ffa8d7b33a9d769612a8101
  React-RCTVibration: 372a12b697a170aaee792f8a9999c40e1f2692d0
  React-rncore: d1ccbd5adaf4a67703790838b7c62f140e72d32a
  React-runtimeexecutor: d4f7ff5073fcf87e14dbf89541d434218630246e
  React-runtimescheduler: ae08ede2e0267be2a4d8ba82a54d5908949d5a34
  React-utils: 8eb3c12fd4a4da6df3824f7d9a961d73a6ed6e5d
  ReactCommon: d2de36ed3eebe700d7169b9e80f7d1a4b98e178d
  RNBootSplash: 8fb33325dc3620a01984c6660c42cbd93fadcc80
  RNCCheckbox: 6bd119c26c6eb8264a29d59ff66cb70a14de3349
  RNCMaskedView: 0e1bc4bfa8365eba5fbbb71e07fbdc0555249489
  RNCPushNotificationIOS: 5ee247e594d0b5df3cd7be74b51035a0d91807eb
  RNDateTimePicker: 04b805a3cb4d386e5e6aff54b47ace7bad706fda
  RNDeviceInfo: 0400a6d0c94186d1120c3cbd97b23abc022187a9
  RNFastImage: 5c9c9fed9c076e521b3f509fe79e790418a544e8
  RNFlashList: ade81b4e928ebd585dd492014d40fb8d0e848aab
  RNGestureHandler: c29ba5367d3eb162aabbbe46ece33bcc65617a76
  RNLocalize: 0df7970cfc60389f00eb62fd7c097dc75af3fb4f
  RNPermissions: 1109bd02961caf5275b3172eb68caf29e2d2737c
  RNReanimated: ab2e96c6d5591c3dfbb38a464f54c8d17fb34a87
  RNScreens: bea7b9767050d69e4b9da14639cdd5c8f5a37881
  RNSentry: 43658c8c327376e0c06149ce981899f5f84e90d9
  RNSVG: 67f1f12dae2cef6ed59a42cae74a6b8f5a9e7b46
  SDWebImage: a7f831e1a65eb5e285e3fb046a23fcfbf08e696d
  SDWebImageWebPCoder: 908b83b6adda48effe7667cd2b7f78c897e5111d
  Sentry: 757565eb01e2a6ef6b26e897e4e47e8213e12f06
  SentryPrivate: 668d6ce46835769b32e61dc8b5c78ef0b6cdcef8
  SocketRocket: f32cd54efbe0f095c4d7594881e52619cfe80b17
  Yoga: 6f5ab94cd8b1ecd04b6e973d0bc583ede2a598cc

PODFILE CHECKSUM: 2ccf777443ddf145166d704b20dcb97941c097d1

COCOAPODS: 1.14.3